
Microsoft Visual Studio Solution File, Format Version 12.00
# Visual Studio 15
VisualStudioVersion = 15.0.28306.52
MinimumVisualStudioVersion = 10.0.40219.1
Project("{9A19103F-16F7-4668-BE54-9A1E7A4F7556}") = "SasTokenGenerator", "FunctionApp1\SasTokenGenerator.csproj", "{6706F016-9291-45B5-9C56-FB8535D4D6D6}"
EndProject
Global
	GlobalSection(SolutionConfigurationPlatforms) = preSolution
		Debug|Any CPU = Debug|Any CPU
		Release|Any CPU = Release|Any CPU
	EndGlobalSection
	GlobalSection(ProjectConfigurationPlatforms) = postSolution
		{6706F016-9291-45B5-9C56-FB8535D4D6D6}.Debug|Any CPU.ActiveCfg = Debug|Any CPU
		{6706F016-9291-45B5-9C56-FB8535D4D6D6}.Debug|Any CPU.Build.0 = Debug|Any CPU
		{6706F016-9291-45B5-9C56-FB8535D4D6D6}.Release|Any CPU.ActiveCfg = Release|Any CPU
		{6706F016-9291-45B5-9C56-FB8535D4D6D6}.Release|Any CPU.Build.0 = Release|Any CPU
	EndGlobalSection
	GlobalSection(SolutionProperties) = preSolution
		HideSolutionNode = FALSE
	EndGlobalSection
	GlobalSection(ExtensibilityGlobals) = postSolution
		SolutionGuid = {156EEAB1-40DB-4ABE-9D39-F9AA280E7960}
	EndGlobalSection
EndGlobal
